
Microsoft Visual Studio Solution File, Format Version 12.00
# Visual Studio 15
VisualStudioVersion = 15.0.26730.12
MinimumVisualStudioVersion = 10.0.40219.1
Project("{2150E333-8FDC-42A3-9474-1A3956D46DE8}") = "Solution Items", "Solution Items", "{F2E20BF1-CDBC-4A70-A551-F017A0FC6D3F}"
	ProjectSection(SolutionItems) = preProject
		README.md = README.md
	EndProjectSection
EndProject
Project("{9A19103F-16F7-4668-BE54-9A1E7A4F7556}") = "IdParser", "IdParser\IdParser.csproj", "{A5DED2D2-93C9-4F32-BA2B-F5FB749669BD}"
EndProject
Project("{FAE04EC0-301F-11D3-BF4B-00C04F79EFBC}") = "IdParser.Client", "IdParser.Client\IdParser.Client.csproj", "{FA949E77-9931-476C-BF93-DE61F5290CE7}"
EndProject
Project("{FAE04EC0-301F-11D3-BF4B-00C04F79EFBC}") = "IdParser.Test", "IdParser.Test\IdParser.Test.csproj", "{C4170346-C631-4317-B304-D0B88466CF9C}"
EndProject
Global
	GlobalSection(SolutionConfigurationPlatforms) = preSolution
		Debug|Any CPU = Debug|Any CPU
		Debug|x86 = Debug|x86
		Release|Any CPU = Release|Any CPU
		Release|x86 = Release|x86
	EndGlobalSection
	GlobalSection(ProjectConfigurationPlatforms) = postSolution
		{A5DED2D2-93C9-4F32-BA2B-F5FB749669BD}.Debug|Any CPU.ActiveCfg = Debug|Any CPU
		{A5DED2D2-93C9-4F32-BA2B-F5FB749669BD}.Debug|Any CPU.Build.0 = Debug|Any CPU
		{A5DED2D2-93C9-4F32-BA2B-F5FB749669BD}.Debug|x86.ActiveCfg = Debug|Any CPU
		{A5DED2D2-93C9-4F32-BA2B-F5FB749669BD}.Debug|x86.Build.0 = Debug|Any CPU
		{A5DED2D2-93C9-4F32-BA2B-F5FB749669BD}.Release|Any CPU.ActiveCfg = Release|Any CPU
		{A5DED2D2-93C9-4F32-BA2B-F5FB749669BD}.Release|Any CPU.Build.0 = Release|Any CPU
		{A5DED2D2-93C9-4F32-BA2B-F5FB749669BD}.Release|x86.ActiveCfg = Release|Any CPU
		{A5DED2D2-93C9-4F32-BA2B-F5FB749669BD}.Release|x86.Build.0 = Release|Any CPU
		{FA949E77-9931-476C-BF93-DE61F5290CE7}.Debug|Any CPU.ActiveCfg = Debug|Any CPU
		{FA949E77-9931-476C-BF93-DE61F5290CE7}.Debug|Any CPU.Build.0 = Debug|Any CPU
		{FA949E77-9931-476C-BF93-DE61F5290CE7}.Debug|x86.ActiveCfg = Debug|x86
		{FA949E77-9931-476C-BF93-DE61F5290CE7}.Debug|x86.Build.0 = Debug|x86
		{FA949E77-9931-476C-BF93-DE61F5290CE7}.Release|Any CPU.ActiveCfg = Release|Any CPU
		{FA949E77-9931-476C-BF93-DE61F5290CE7}.Release|Any CPU.Build.0 = Release|Any CPU
		{FA949E77-9931-476C-BF93-DE61F5290CE7}.Release|x86.ActiveCfg = Release|x86
		{FA949E77-9931-476C-BF93-DE61F5290CE7}.Release|x86.Build.0 = Release|x86
		{C4170346-C631-4317-B304-D0B88466CF9C}.Debug|Any CPU.ActiveCfg = Debug|Any CPU
		{C4170346-C631-4317-B304-D0B88466CF9C}.Debug|Any CPU.Build.0 = Debug|Any CPU
		{C4170346-C631-4317-B304-D0B88466CF9C}.Debug|x86.ActiveCfg = Debug|Any CPU
		{C4170346-C631-4317-B304-D0B88466CF9C}.Debug|x86.Build.0 = Debug|Any CPU
		{C4170346-C631-4317-B304-D0B88466CF9C}.Release|Any CPU.ActiveCfg = Release|Any CPU
		{C4170346-C631-4317-B304-D0B88466CF9C}.Release|Any CPU.Build.0 = Release|Any CPU
		{C4170346-C631-4317-B304-D0B88466CF9C}.Release|x86.ActiveCfg = Release|Any CPU
		{C4170346-C631-4317-B304-D0B88466CF9C}.Release|x86.Build.0 = Release|Any CPU
	EndGlobalSection
	GlobalSection(SolutionProperties) = preSolution
		HideSolutionNode = FALSE
	EndGlobalSection
	GlobalSection(ExtensibilityGlobals) = postSolution
		SolutionGuid = {1C84C269-3E11-4DA7-BF4E-A9650A097F8E}
	EndGlobalSection
EndGlobal
