
Microsoft Visual Studio Solution File, Format Version 12.00
# Visual Studio 14
VisualStudioVersion = 14.0.25420.1
MinimumVisualStudioVersion = 10.0.40219.1
Project("{FAE04EC0-301F-11D3-BF4B-00C04F79EFBC}") = "IdParser", "IdParser\IdParser.csproj", "{342DBA23-D9AD-4A5F-91B9-EBB08107C903}"
EndProject
Project("{FAE04EC0-301F-11D3-BF4B-00C04F79EFBC}") = "IdParser.Tests", "IdParser.Tests\IdParser.Tests.csproj", "{8F0FFE69-6B8E-43AD-9E86-B2195ABE8A3D}"
EndProject
Project("{FAE04EC0-301F-11D3-BF4B-00C04F79EFBC}") = "IdParser.Client", "IdParser.Client\IdParser.Client.csproj", "{FA949E77-9931-476C-BF93-DE61F5290CE7}"
EndProject
Global
	GlobalSection(SolutionConfigurationPlatforms) = preSolution
		Debug|Any CPU = Debug|Any CPU
		Debug|x86 = Debug|x86
		Release|Any CPU = Release|Any CPU
		Release|x86 = Release|x86
		ReleaseNET20|Any CPU = ReleaseNET20|Any CPU
		ReleaseNET20|x86 = ReleaseNET20|x86
		ReleaseNET35|Any CPU = ReleaseNET35|Any CPU
		ReleaseNET35|x86 = ReleaseNET35|x86
		ReleaseNET40|Any CPU = ReleaseNET40|Any CPU
		ReleaseNET40|x86 = ReleaseNET40|x86
		ReleaseNET45|Any CPU = ReleaseNET45|Any CPU
		ReleaseNET45|x86 = ReleaseNET45|x86
		ReleaseNET46|Any CPU = ReleaseNET46|Any CPU
		ReleaseNET46|x86 = ReleaseNET46|x86
	EndGlobalSection
	GlobalSection(ProjectConfigurationPlatforms) = postSolution
		{342DBA23-D9AD-4A5F-91B9-EBB08107C903}.Debug|Any CPU.ActiveCfg = Debug|Any CPU
		{342DBA23-D9AD-4A5F-91B9-EBB08107C903}.Debug|Any CPU.Build.0 = Debug|Any CPU
		{342DBA23-D9AD-4A5F-91B9-EBB08107C903}.Debug|x86.ActiveCfg = Debug|Any CPU
		{342DBA23-D9AD-4A5F-91B9-EBB08107C903}.Debug|x86.Build.0 = Debug|Any CPU
		{342DBA23-D9AD-4A5F-91B9-EBB08107C903}.Release|Any CPU.ActiveCfg = Release|Any CPU
		{342DBA23-D9AD-4A5F-91B9-EBB08107C903}.Release|Any CPU.Build.0 = Release|Any CPU
		{342DBA23-D9AD-4A5F-91B9-EBB08107C903}.Release|x86.ActiveCfg = Release|Any CPU
		{342DBA23-D9AD-4A5F-91B9-EBB08107C903}.Release|x86.Build.0 = Release|Any CPU
		{342DBA23-D9AD-4A5F-91B9-EBB08107C903}.ReleaseNET20|Any CPU.ActiveCfg = ReleaseNET20|Any CPU
		{342DBA23-D9AD-4A5F-91B9-EBB08107C903}.ReleaseNET20|Any CPU.Build.0 = ReleaseNET20|Any CPU
		{342DBA23-D9AD-4A5F-91B9-EBB08107C903}.ReleaseNET20|x86.ActiveCfg = ReleaseNET46|Any CPU
		{342DBA23-D9AD-4A5F-91B9-EBB08107C903}.ReleaseNET20|x86.Build.0 = ReleaseNET46|Any CPU
		{342DBA23-D9AD-4A5F-91B9-EBB08107C903}.ReleaseNET35|Any CPU.ActiveCfg = ReleaseNET35|Any CPU
		{342DBA23-D9AD-4A5F-91B9-EBB08107C903}.ReleaseNET35|Any CPU.Build.0 = ReleaseNET35|Any CPU
		{342DBA23-D9AD-4A5F-91B9-EBB08107C903}.ReleaseNET35|x86.ActiveCfg = ReleaseNET35|Any CPU
		{342DBA23-D9AD-4A5F-91B9-EBB08107C903}.ReleaseNET35|x86.Build.0 = ReleaseNET35|Any CPU
		{342DBA23-D9AD-4A5F-91B9-EBB08107C903}.ReleaseNET40|Any CPU.ActiveCfg = ReleaseNET40|Any CPU
		{342DBA23-D9AD-4A5F-91B9-EBB08107C903}.ReleaseNET40|Any CPU.Build.0 = ReleaseNET40|Any CPU
		{342DBA23-D9AD-4A5F-91B9-EBB08107C903}.ReleaseNET40|x86.ActiveCfg = ReleaseNET40|Any CPU
		{342DBA23-D9AD-4A5F-91B9-EBB08107C903}.ReleaseNET40|x86.Build.0 = ReleaseNET40|Any CPU
		{342DBA23-D9AD-4A5F-91B9-EBB08107C903}.ReleaseNET45|Any CPU.ActiveCfg = ReleaseNET45|Any CPU
		{342DBA23-D9AD-4A5F-91B9-EBB08107C903}.ReleaseNET45|Any CPU.Build.0 = ReleaseNET45|Any CPU
		{342DBA23-D9AD-4A5F-91B9-EBB08107C903}.ReleaseNET45|x86.ActiveCfg = ReleaseNET45|Any CPU
		{342DBA23-D9AD-4A5F-91B9-EBB08107C903}.ReleaseNET45|x86.Build.0 = ReleaseNET45|Any CPU
		{342DBA23-D9AD-4A5F-91B9-EBB08107C903}.ReleaseNET46|Any CPU.ActiveCfg = ReleaseNET46|Any CPU
		{342DBA23-D9AD-4A5F-91B9-EBB08107C903}.ReleaseNET46|Any CPU.Build.0 = ReleaseNET46|Any CPU
		{342DBA23-D9AD-4A5F-91B9-EBB08107C903}.ReleaseNET46|x86.ActiveCfg = ReleaseNET46|Any CPU
		{342DBA23-D9AD-4A5F-91B9-EBB08107C903}.ReleaseNET46|x86.Build.0 = ReleaseNET46|Any CPU
		{8F0FFE69-6B8E-43AD-9E86-B2195ABE8A3D}.Debug|Any CPU.ActiveCfg = Debug|Any CPU
		{8F0FFE69-6B8E-43AD-9E86-B2195ABE8A3D}.Debug|Any CPU.Build.0 = Debug|Any CPU
		{8F0FFE69-6B8E-43AD-9E86-B2195ABE8A3D}.Debug|x86.ActiveCfg = Debug|Any CPU
		{8F0FFE69-6B8E-43AD-9E86-B2195ABE8A3D}.Debug|x86.Build.0 = Debug|Any CPU
		{8F0FFE69-6B8E-43AD-9E86-B2195ABE8A3D}.Release|Any CPU.ActiveCfg = Release|Any CPU
		{8F0FFE69-6B8E-43AD-9E86-B2195ABE8A3D}.Release|Any CPU.Build.0 = Release|Any CPU
		{8F0FFE69-6B8E-43AD-9E86-B2195ABE8A3D}.Release|x86.ActiveCfg = Release|Any CPU
		{8F0FFE69-6B8E-43AD-9E86-B2195ABE8A3D}.Release|x86.Build.0 = Release|Any CPU
		{8F0FFE69-6B8E-43AD-9E86-B2195ABE8A3D}.ReleaseNET20|Any CPU.ActiveCfg = ReleaseNET20|Any CPU
		{8F0FFE69-6B8E-43AD-9E86-B2195ABE8A3D}.ReleaseNET20|Any CPU.Build.0 = ReleaseNET20|Any CPU
		{8F0FFE69-6B8E-43AD-9E86-B2195ABE8A3D}.ReleaseNET20|x86.ActiveCfg = ReleaseNET46|Any CPU
		{8F0FFE69-6B8E-43AD-9E86-B2195ABE8A3D}.ReleaseNET20|x86.Build.0 = ReleaseNET46|Any CPU
		{8F0FFE69-6B8E-43AD-9E86-B2195ABE8A3D}.ReleaseNET35|Any CPU.ActiveCfg = ReleaseNET35|Any CPU
		{8F0FFE69-6B8E-43AD-9E86-B2195ABE8A3D}.ReleaseNET35|Any CPU.Build.0 = ReleaseNET35|Any CPU
		{8F0FFE69-6B8E-43AD-9E86-B2195ABE8A3D}.ReleaseNET35|x86.ActiveCfg = ReleaseNET35|Any CPU
		{8F0FFE69-6B8E-43AD-9E86-B2195ABE8A3D}.ReleaseNET35|x86.Build.0 = ReleaseNET35|Any CPU
		{8F0FFE69-6B8E-43AD-9E86-B2195ABE8A3D}.ReleaseNET40|Any CPU.ActiveCfg = ReleaseNET40|Any CPU
		{8F0FFE69-6B8E-43AD-9E86-B2195ABE8A3D}.ReleaseNET40|Any CPU.Build.0 = ReleaseNET40|Any CPU
		{8F0FFE69-6B8E-43AD-9E86-B2195ABE8A3D}.ReleaseNET40|x86.ActiveCfg = ReleaseNET40|Any CPU
		{8F0FFE69-6B8E-43AD-9E86-B2195ABE8A3D}.ReleaseNET40|x86.Build.0 = ReleaseNET40|Any CPU
		{8F0FFE69-6B8E-43AD-9E86-B2195ABE8A3D}.ReleaseNET45|Any CPU.ActiveCfg = ReleaseNET45|Any CPU
		{8F0FFE69-6B8E-43AD-9E86-B2195ABE8A3D}.ReleaseNET45|Any CPU.Build.0 = ReleaseNET45|Any CPU
		{8F0FFE69-6B8E-43AD-9E86-B2195ABE8A3D}.ReleaseNET45|x86.ActiveCfg = ReleaseNET45|Any CPU
		{8F0FFE69-6B8E-43AD-9E86-B2195ABE8A3D}.ReleaseNET45|x86.Build.0 = ReleaseNET45|Any CPU
		{8F0FFE69-6B8E-43AD-9E86-B2195ABE8A3D}.ReleaseNET46|Any CPU.ActiveCfg = ReleaseNET46|Any CPU
		{8F0FFE69-6B8E-43AD-9E86-B2195ABE8A3D}.ReleaseNET46|Any CPU.Build.0 = ReleaseNET46|Any CPU
		{8F0FFE69-6B8E-43AD-9E86-B2195ABE8A3D}.ReleaseNET46|x86.ActiveCfg = ReleaseNET46|Any CPU
		{8F0FFE69-6B8E-43AD-9E86-B2195ABE8A3D}.ReleaseNET46|x86.Build.0 = ReleaseNET46|Any CPU
		{FA949E77-9931-476C-BF93-DE61F5290CE7}.Debug|Any CPU.ActiveCfg = Debug|Any CPU
		{FA949E77-9931-476C-BF93-DE61F5290CE7}.Debug|Any CPU.Build.0 = Debug|Any CPU
		{FA949E77-9931-476C-BF93-DE61F5290CE7}.Debug|x86.ActiveCfg = Debug|x86
		{FA949E77-9931-476C-BF93-DE61F5290CE7}.Debug|x86.Build.0 = Debug|x86
		{FA949E77-9931-476C-BF93-DE61F5290CE7}.Release|Any CPU.ActiveCfg = Release|Any CPU
		{FA949E77-9931-476C-BF93-DE61F5290CE7}.Release|Any CPU.Build.0 = Release|Any CPU
		{FA949E77-9931-476C-BF93-DE61F5290CE7}.Release|x86.ActiveCfg = Release|x86
		{FA949E77-9931-476C-BF93-DE61F5290CE7}.Release|x86.Build.0 = Release|x86
		{FA949E77-9931-476C-BF93-DE61F5290CE7}.ReleaseNET20|Any CPU.ActiveCfg = ReleaseNET20|Any CPU
		{FA949E77-9931-476C-BF93-DE61F5290CE7}.ReleaseNET20|Any CPU.Build.0 = ReleaseNET20|Any CPU
		{FA949E77-9931-476C-BF93-DE61F5290CE7}.ReleaseNET20|x86.ActiveCfg = ReleaseNET46|x86
		{FA949E77-9931-476C-BF93-DE61F5290CE7}.ReleaseNET20|x86.Build.0 = ReleaseNET46|x86
		{FA949E77-9931-476C-BF93-DE61F5290CE7}.ReleaseNET35|Any CPU.ActiveCfg = ReleaseNET35|Any CPU
		{FA949E77-9931-476C-BF93-DE61F5290CE7}.ReleaseNET35|Any CPU.Build.0 = ReleaseNET35|Any CPU
		{FA949E77-9931-476C-BF93-DE61F5290CE7}.ReleaseNET35|x86.ActiveCfg = ReleaseNET35|x86
		{FA949E77-9931-476C-BF93-DE61F5290CE7}.ReleaseNET35|x86.Build.0 = ReleaseNET35|x86
		{FA949E77-9931-476C-BF93-DE61F5290CE7}.ReleaseNET40|Any CPU.ActiveCfg = ReleaseNET40|Any CPU
		{FA949E77-9931-476C-BF93-DE61F5290CE7}.ReleaseNET40|Any CPU.Build.0 = ReleaseNET40|Any CPU
		{FA949E77-9931-476C-BF93-DE61F5290CE7}.ReleaseNET40|x86.ActiveCfg = ReleaseNET40|x86
		{FA949E77-9931-476C-BF93-DE61F5290CE7}.ReleaseNET40|x86.Build.0 = ReleaseNET40|x86
		{FA949E77-9931-476C-BF93-DE61F5290CE7}.ReleaseNET45|Any CPU.ActiveCfg = ReleaseNET45|Any CPU
		{FA949E77-9931-476C-BF93-DE61F5290CE7}.ReleaseNET45|Any CPU.Build.0 = ReleaseNET45|Any CPU
		{FA949E77-9931-476C-BF93-DE61F5290CE7}.ReleaseNET45|x86.ActiveCfg = ReleaseNET45|x86
		{FA949E77-9931-476C-BF93-DE61F5290CE7}.ReleaseNET45|x86.Build.0 = ReleaseNET45|x86
		{FA949E77-9931-476C-BF93-DE61F5290CE7}.ReleaseNET46|Any CPU.ActiveCfg = ReleaseNET46|Any CPU
		{FA949E77-9931-476C-BF93-DE61F5290CE7}.ReleaseNET46|Any CPU.Build.0 = ReleaseNET46|Any CPU
		{FA949E77-9931-476C-BF93-DE61F5290CE7}.ReleaseNET46|x86.ActiveCfg = ReleaseNET46|x86
		{FA949E77-9931-476C-BF93-DE61F5290CE7}.ReleaseNET46|x86.Build.0 = ReleaseNET46|x86
	EndGlobalSection
	GlobalSection(SolutionProperties) = preSolution
		HideSolutionNode = FALSE
	EndGlobalSection
EndGlobal
